// !$*UTF8*$!
{
	archiveVersion = 1;
	classes = {
	};
	objectVersion = 50;
	objects = {

/* Begin PBXBuildFile section */
		1A556D002427C3D800924FAA /* AppDelegate.swift in Sources */ = {isa = PBXBuildFile; fileRef = 1A556CFF2427C3D800924FAA /* AppDelegate.swift */; };
		1A556D042427C3D800924FAA /* ViewController.swift in Sources */ = {isa = PBXBuildFile; fileRef = 1A556D032427C3D800924FAA /* ViewController.swift */; };
		1A556D072427C3D800924FAA /* Main.storyboard in Resources */ = {isa = PBXBuildFile; fileRef = 1A556D052427C3D800924FAA /* Main.storyboard */; };
		1A556D092427C3DA00924FAA /* Assets.xcassets in Resources */ = {isa = PBXBuildFile; fileRef = 1A556D082427C3DA00924FAA /* Assets.xcassets */; };
		1A556D0C2427C3DA00924FAA /* LaunchScreen.storyboard in Resources */ = {isa = PBXBuildFile; fileRef = 1A556D0A2427C3DA00924FAA /* LaunchScreen.storyboard */; };
		1A556D1924289B5D00924FAA /* Stringify.framework in Frameworks */ = {isa = PBXBuildFile; fileRef = 1A556D1524289B5800924FAA /* Stringify.framework */; };
		1A556D1A24289B5D00924FAA /* Stringify.framework in Embed Frameworks */ = {isa = PBXBuildFile; fileRef = 1A556D1524289B5800924FAA /* Stringify.framework */; settings = {ATTRIBUTES = (CodeSignOnCopy, RemoveHeadersOnCopy, ); }; };
/* End PBXBuildFile section */

/* Begin PBXCopyFilesBuildPhase section */
		1A556D1B24289B5D00924FAA /* Embed Frameworks */ = {
			isa = PBXCopyFilesBuildPhase;
			buildActionMask = 2147483647;
			dstPath = "";
			dstSubfolderSpec = 10;
			files = (
				1A556D1A24289B5D00924FAA /* Stringify.framework in Embed Frameworks */,
			);
			name = "Embed Frameworks";
			runOnlyForDeploymentPostprocessing = 0;
		};
/* End PBXCopyFilesBuildPhase section */

/* Begin PBXFileReference section */
		1A556CFC2427C3D800924FAA /* StringifyExample.app */ = {isa = PBXFileReference; explicitFileType = wrapper.application; includeInIndex = 0; path = StringifyExample.app; sourceTree = BUILT_PRODUCTS_DIR; };
		1A556CFF2427C3D800924FAA /* AppDelegate.swift */ = {isa = PBXFileReference; lastKnownFileType = sourcecode.swift; path = AppDelegate.swift; sourceTree = "<group>"; };
		1A556D032427C3D800924FAA /* ViewController.swift */ = {isa = PBXFileReference; lastKnownFileType = sourcecode.swift; path = ViewController.swift; sourceTree = "<group>"; };
		1A556D062427C3D800924FAA /* Base */ = {isa = PBXFileReference; lastKnownFileType = file.storyboard; name = Base; path = Base.lproj/Main.storyboard; sourceTree = "<group>"; };
		1A556D082427C3DA00924FAA /* Assets.xcassets */ = {isa = PBXFileReference; lastKnownFileType = folder.assetcatalog; path = Assets.xcassets; sourceTree = "<group>"; };
		1A556D0B2427C3DA00924FAA /* Base */ = {isa = PBXFileReference; lastKnownFileType = file.storyboard; name = Base; path = Base.lproj/LaunchScreen.storyboard; sourceTree = "<group>"; };
		1A556D0D2427C3DA00924FAA /* Info.plist */ = {isa = PBXFileReference; lastKnownFileType = text.plist.xml; path = Info.plist; sourceTree = "<group>"; };
		1A556D1524289B5800924FAA /* Stringify.framework */ = {isa = PBXFileReference; explicitFileType = wrapper.framework; path = Stringify.framework; sourceTree = BUILT_PRODUCTS_DIR; };
/* End PBXFileReference section */

/* Begin PBXFrameworksBuildPhase section */
		1A556CF92427C3D800924FAA /* Frameworks */ = {
			isa = PBXFrameworksBuildPhase;
			buildActionMask = 2147483647;
			files = (
				1A556D1924289B5D00924FAA /* Stringify.framework in Frameworks */,
			);
			runOnlyForDeploymentPostprocessing = 0;
		};
/* End PBXFrameworksBuildPhase section */

/* Begin PBXGroup section */
		1A556CF32427C3D800924FAA = {
			isa = PBXGroup;
			children = (
				1A556CFE2427C3D800924FAA /* StringifyExample */,
				1A556CFD2427C3D800924FAA /* Products */,
				1A556D1424289B5800924FAA /* Frameworks */,
			);
			sourceTree = "<group>";
		};
		1A556CFD2427C3D800924FAA /* Products */ = {
			isa = PBXGroup;
			children = (
				1A556CFC2427C3D800924FAA /* StringifyExample.app */,
			);
			name = Products;
			sourceTree = "<group>";
		};
		1A556CFE2427C3D800924FAA /* StringifyExample */ = {
			isa = PBXGroup;
			children = (
				1A556CFF2427C3D800924FAA /* AppDelegate.swift */,
				1A556D032427C3D800924FAA /* ViewController.swift */,
				1A556D052427C3D800924FAA /* Main.storyboard */,
				1A556D082427C3DA00924FAA /* Assets.xcassets */,
				1A556D0A2427C3DA00924FAA /* LaunchScreen.storyboard */,
				1A556D0D2427C3DA00924FAA /* Info.plist */,
			);
			path = StringifyExample;
			sourceTree = "<group>";
		};
		1A556D1424289B5800924FAA /* Frameworks */ = {
			isa = PBXGroup;
			children = (
				1A556D1524289B5800924FAA /* Stringify.framework */,
			);
			name = Frameworks;
			sourceTree = "<group>";
		};
/* End PBXGroup section */

/* Begin PBXNativeTarget section */
		1A556CFB2427C3D800924FAA /* StringifyExample */ = {
			isa = PBXNativeTarget;
			buildConfigurationList = 1A556D102427C3DA00924FAA /* Build configuration list for PBXNativeTarget "StringifyExample" */;
			buildPhases = (
				1A556CF82427C3D800924FAA /* Sources */,
				1A556CF92427C3D800924FAA /* Frameworks */,
				1A556CFA2427C3D800924FAA /* Resources */,
				1A556D1B24289B5D00924FAA /* Embed Frameworks */,
			);
			buildRules = (
			);
			dependencies = (
			);
			name = StringifyExample;
			productName = StringifyExample;
			productReference = 1A556CFC2427C3D800924FAA /* StringifyExample.app */;
			productType = "com.apple.product-type.application";
		};
/* End PBXNativeTarget section */

/* Begin PBXProject section */
		1A556CF42427C3D800924FAA /* Project object */ = {
			isa = PBXProject;
			attributes = {
				LastSwiftUpdateCheck = 1130;
				LastUpgradeCheck = 1130;
				ORGANIZATIONNAME = "Anton Novichenko";
				TargetAttributes = {
					1A556CFB2427C3D800924FAA = {
						CreatedOnToolsVersion = 11.3.1;
					};
				};
			};
			buildConfigurationList = 1A556CF72427C3D800924FAA /* Build configuration list for PBXProject "StringifyExample" */;
			compatibilityVersion = "Xcode 9.3";
			developmentRegion = en;
			hasScannedForEncodings = 0;
			knownRegions = (
				en,
				Base,
			);
			mainGroup = 1A556CF32427C3D800924FAA;
			productRefGroup = 1A556CFD2427C3D800924FAA /* Products */;
			projectDirPath = "";
			projectRoot = "";
			targets = (
				1A556CFB2427C3D800924FAA /* StringifyExample */,
			);
		};
/* End PBXProject section */

/* Begin PBXResourcesBuildPhase section */
		1A556CFA2427C3D800924FAA /* Resources */ = {
			isa = PBXResourcesBuildPhase;
			buildActionMask = 2147483647;
			files = (
				1A556D0C2427C3DA00924FAA /* LaunchScreen.storyboard in Resources */,
				1A556D092427C3DA00924FAA /* Assets.xcassets in Resources */,
				1A556D072427C3D800924FAA /* Main.storyboard in Resources */,
			);
			runOnlyForDeploymentPostprocessing = 0;
		};
/* End PBXResourcesBuildPhase section */

/* Begin PBXSourcesBuildPhase section */
		1A556CF82427C3D800924FAA /* Sources */ = {
			isa = PBXSourcesBuildPhase;
			buildActionMask = 2147483647;
			files = (
				1A556D042427C3D800924FAA /* ViewController.swift in Sources */,
				1A556D002427C3D800924FAA /* AppDelegate.swift in Sources */,
			);
			runOnlyForDeploymentPostprocessing = 0;
		};
/* End PBXSourcesBuildPhase section */

/* Begin PBXVariantGroup section */
		1A556D052427C3D800924FAA /* Main.storyboard */ = {
			isa = PBXVariantGroup;
			children = (
				1A556D062427C3D800924FAA /* Base */,
			);
			name = Main.storyboard;
			sourceTree = "<group>";
		};
		1A556D0A2427C3DA00924FAA /* LaunchScreen.storyboard */ = {
			isa = PBXVariantGroup;
			children = (
				1A556D0B2427C3DA00924FAA /* Base */,
			);
			name = LaunchScreen.storyboard;
			sourceTree = "<group>";
		};
/* End PBXVariantGroup section */

/* Begin XCBuildConfiguration section */
		1A556D0E2427C3DA00924FAA /* Debug */ = {
			isa = XCBuildConfiguration;
			buildSettings = {
				ALWAYS_SEARCH_USER_PATHS = NO;
				CLANG_ANALYZER_NONNULL = YES;
				CLANG_ANALYZER_NUMBER_OBJECT_CONVERSION = YES_AGGRESSIVE;
				CLANG_CXX_LANGUAGE_STANDARD = "gnu++14";
				CLANG_CXX_LIBRARY = "libc++";
				CLANG_ENABLE_MODULES = YES;
				CLANG_ENABLE_OBJC_ARC = YES;
				CLANG_ENABLE_OBJC_WEAK = YES;
				CLANG_WARN_BLOCK_CAPTURE_AUTORELEASING = YES;
				CLANG_WARN_BOOL_CONVERSION = YES;
				CLANG_WARN_COMMA = YES;
				CLANG_WARN_CONSTANT_CONVERSION = YES;
				CLANG_WARN_DEPRECATED_OBJC_IMPLEMENTATIONS = YES;
				CLANG_WARN_DIRECT_OBJC_ISA_USAGE = YES_ERROR;
				CLANG_WARN_DOCUMENTATION_COMMENTS = YES;
				CLANG_WARN_EMPTY_BODY = YES;
				CLANG_WARN_ENUM_CONVERSION = YES;
				CLANG_WARN_INFINITE_RECURSION = YES;
				CLANG_WARN_INT_CONVERSION = YES;
				CLANG_WARN_NON_LITERAL_NULL_CONVERSION = YES;
				CLANG_WARN_OBJC_IMPLICIT_RETAIN_SELF = YES;
				CLANG_WARN_OBJC_LITERAL_CONVERSION = YES;
				CLANG_WARN_OBJC_ROOT_CLASS = YES_ERROR;
				CLANG_WARN_RANGE_LOOP_ANALYSIS = YES;
				CLANG_WARN_STRICT_PROTOTYPES = YES;
				CLANG_WARN_SUSPICIOUS_MOVE = YES;
				CLANG_WARN_UNGUARDED_AVAILABILITY = YES_AGGRESSIVE;
				CLANG_WARN_UNREACHABLE_CODE = YES;
				CLANG_WARN__DUPLICATE_METHOD_MATCH = YES;
				COPY_PHASE_STRIP = NO;
				DEBUG_INFORMATION_FORMAT = dwarf;
				ENABLE_STRICT_OBJC_MSGSEND = YES;
				ENABLE_TESTABILITY = YES;
				GCC_C_LANGUAGE_STANDARD = gnu11;
				GCC_DYNAMIC_NO_PIC = NO;
				GCC_NO_COMMON_BLOCKS = YES;
				GCC_OPTIMIZATION_LEVEL = 0;
				GCC_PREPROCESSOR_DEFINITIONS = (
					"DEBUG=1",
					"$(inherited)",
				);
				GCC_WARN_64_TO_32_BIT_CONVERSION = YES;
				GCC_WARN_ABOUT_RETURN_TYPE = YES_ERROR;
				GCC_WARN_UNDECLARED_SELECTOR = YES;
				GCC_WARN_UNINITIALIZED_AUTOS = YES_AGGRESSIVE;
				GCC_WARN_UNUSED_FUNCTION = YES;
				GCC_WARN_UNUSED_VARIABLE = YES;
				IPHONEOS_DEPLOYMENT_TARGET = 13.2;
				MTL_ENABLE_DEBUG_INFO = INCLUDE_SOURCE;
				MTL_FAST_MATH = YES;
				ONLY_ACTIVE_ARCH = YES;
				SDKROOT = iphoneos;
				SWIFT_ACTIVE_COMPILATION_CONDITIONS = DEBUG;
				SWIFT_OPTIMIZATION_LEVEL = "-Onone";
			};
			name = Debug;
		};
		1A556D0F2427C3DA00924FAA /* Release */ = {
			isa = XCBuildConfiguration;
			buildSettings = {
				ALWAYS_SEARCH_USER_PATHS = NO;
				CLANG_ANALYZER_NONNULL = YES;
				CLANG_ANALYZER_NUMBER_OBJECT_CONVERSION = YES_AGGRESSIVE;
				CLANG_CXX_LANGUAGE_STANDARD = "gnu++14";
				CLANG_CXX_LIBRARY = "libc++";
				CLANG_ENABLE_MODULES = YES;
				CLANG_ENABLE_OBJC_ARC = YES;
				CLANG_ENABLE_OBJC_WEAK = YES;
				CLANG_WARN_BLOCK_CAPTURE_AUTORELEASING = YES;
				CLANG_WARN_BOOL_CONVERSION = YES;
				CLANG_WARN_COMMA = YES;
				CLANG_WARN_CONSTANT_CONVERSION = YES;
				CLANG_WARN_DEPRECATED_OBJC_IMPLEMENTATIONS = YES;
				CLANG_WARN_DIRECT_OBJC_ISA_USAGE = YES_ERROR;
				CLANG_WARN_DOCUMENTATION_COMMENTS = YES;
				CLANG_WARN_EMPTY_BODY = YES;
				CLANG_WARN_ENUM_CONVERSION = YES;
				CLANG_WARN_INFINITE_RECURSION = YES;
				CLANG_WARN_INT_CONVERSION = YES;
				CLANG_WARN_NON_LITERAL_NULL_CONVERSION = YES;
				CLANG_WARN_OBJC_IMPLICIT_RETAIN_SELF = YES;
				CLANG_WARN_OBJC_LITERAL_CONVERSION = YES;
				CLANG_WARN_OBJC_ROOT_CLASS = YES_ERROR;
				CLANG_WARN_RANGE_LOOP_ANALYSIS = YES;
				CLANG_WARN_STRICT_PROTOTYPES = YES;
				CLANG_WARN_SUSPICIOUS_MOVE = YES;
				CLANG_WARN_UNGUARDED_AVAILABILITY = YES_AGGRESSIVE;
				CLANG_WARN_UNREACHABLE_CODE = YES;
				CLANG_WARN__DUPLICATE_METHOD_MATCH = YES;
				COPY_PHASE_STRIP = NO;
				DEBUG_INFORMATION_FORMAT = "dwarf-with-dsym";
				ENABLE_NS_ASSERTIONS = NO;
				ENABLE_STRICT_OBJC_MSGSEND = YES;
				GCC_C_LANGUAGE_STANDARD = gnu11;
				GCC_NO_COMMON_BLOCKS = YES;
				GCC_WARN_64_TO_32_BIT_CONVERSION = YES;
				GCC_WARN_ABOUT_RETURN_TYPE = YES_ERROR;
				GCC_WARN_UNDECLARED_SELECTOR = YES;
				GCC_WARN_UNINITIALIZED_AUTOS = YES_AGGRESSIVE;
				GCC_WARN_UNUSED_FUNCTION = YES;
				GCC_WARN_UNUSED_VARIABLE = YES;
				IPHONEOS_DEPLOYMENT_TARGET = 13.2;
				MTL_ENABLE_DEBUG_INFO = NO;
				MTL_FAST_MATH = YES;
				SDKROOT = iphoneos;
				SWIFT_COMPILATION_MODE = wholemodule;
				SWIFT_OPTIMIZATION_LEVEL = "-O";
				VALIDATE_PRODUCT = YES;
			};
			name = Release;
		};
		1A556D112427C3DA00924FAA /* Debug */ = {
			isa = XCBuildConfiguration;
			buildSettings = {
				ASSETCATALOG_COMPILER_APPICON_NAME = AppIcon;
				CODE_SIGN_STYLE = Automatic;
				DEVELOPMENT_TEAM = 3T5KF4YGPF;
				INFOPLIST_FILE = StringifyExample/Info.plist;
				IPHONEOS_DEPLOYMENT_TARGET = 11.0;
				LD_RUNPATH_SEARCH_PATHS = (
					"$(inherited)",
					"@executable_path/Frameworks",
				);
				PRODUCT_BUNDLE_IDENTIFIER = by.stringify.StringifyExample;
				PRODUCT_NAME = "$(TARGET_NAME)";
				SWIFT_VERSION = 5.0;
				TARGETED_DEVICE_FAMILY = "1,2";
			};
			name = Debug;
		};
		1A556D122427C3DA00924FAA /* Release */ = {
			isa = XCBuildConfiguration;
			buildSettings = {
				ASSETCATALOG_COMPILER_APPICON_NAME = AppIcon;
				CODE_SIGN_STYLE = Automatic;
				DEVELOPMENT_TEAM = 3T5KF4YGPF;
				INFOPLIST_FILE = StringifyExample/Info.plist;
				IPHONEOS_DEPLOYMENT_TARGET = 11.0;
				LD_RUNPATH_SEARCH_PATHS = (
					"$(inherited)",
					"@executable_path/Frameworks",
				);
				PRODUCT_BUNDLE_IDENTIFIER = by.stringify.StringifyExample;
				PRODUCT_NAME = "$(TARGET_NAME)";
				SWIFT_VERSION = 5.0;
				TARGETED_DEVICE_FAMILY = "1,2";
			};
			name = Release;
		};
/* End XCBuildConfiguration section */

/* Begin XCConfigurationList section */
		1A556CF72427C3D800924FAA /* Build configuration list for PBXProject "StringifyExample" */ = {
			isa = XCConfigurationList;
			buildConfigurations = (
				1A556D0E2427C3DA00924FAA /* Debug */,
				1A556D0F2427C3DA00924FAA /* Release */,
			);
			defaultConfigurationIsVisible = 0;
			defaultConfigurationName = Release;
		};
		1A556D102427C3DA00924FAA /* Build configuration list for PBXNativeTarget "StringifyExample" */ = {
			isa = XCConfigurationList;
			buildConfigurations = (
				1A556D112427C3DA00924FAA /* Debug */,
				1A556D122427C3DA00924FAA /* Release */,
			);
			defaultConfigurationIsVisible = 0;
			defaultConfigurationName = Release;
		};
/* End XCConfigurationList section */
	};
	rootObject = 1A556CF42427C3D800924FAA /* Project object */;
}
